PODS:
  - Alamofire (4.5.1)
  - FileKit (4.0.1)
  - SwiftyJSON (4.0.0-alpha.1)

DEPENDENCIES:
  - Alamofire
  - FileKit
  - SwiftyJSON (from `https://github.com/SwiftyJSON/SwiftyJSON.git`)

EXTERNAL SOURCES:
  SwiftyJSON:
    :git: https://github.com/SwiftyJSON/SwiftyJSON.git

CHECKOUT OPTIONS:
  SwiftyJSON:
    :commit: 6b9f11e2bbd277f199b1c09fa65631bfc52d4a5d
    :git: https://github.com/SwiftyJSON/SwiftyJSON.git

SPEC CHECKSUMS:
  Alamofire: 2d95912bf4c34f164fdfc335872e8c312acaea4a
  FileKit: 1ea916f594bc0bb9a3951f80edf92b52bb7f883c
  SwiftyJSON: c4d27c2ca659d5c91460cd17cc60fd212b26074d

PODFILE CHECKSUM: f030c5193c2aafb073b0d6f53d4477bf5acf789f

COCOAPODS: 1.2.1
