PODS:
  - Alamofire (4.4.0)
  - FileKit (4.0.0)
  - SwiftyJSON (3.1.4)

DEPENDENCIES:
  - Alamofire
  - FileKit
  - SwiftyJSON (from `https://github.com/SwiftyJSON/SwiftyJSON.git`)

EXTERNAL SOURCES:
  SwiftyJSON:
    :git: https://github.com/SwiftyJSON/SwiftyJSON.git

CHECKOUT OPTIONS:
  SwiftyJSON:
    :commit: 619fba2d551b678aa0b6ceff1c863677f0eb7ff7
    :git: https://github.com/SwiftyJSON/SwiftyJSON.git

SPEC CHECKSUMS:
  Alamofire: dc44b1600b800eb63da6a19039a0083d62a6a62d
  FileKit: 2589d0393b3bfdc599c2ba6e41419be6db4279e0
  SwiftyJSON: 05cf0e98a950e2ba343735264f5a96b81e755d00

PODFILE CHECKSUM: f030c5193c2aafb073b0d6f53d4477bf5acf789f

COCOAPODS: 1.2.0.beta.3
